
Microsoft Visual Studio Solution File, Format Version 12.00
# Visual Studio Version 16
VisualStudioVersion = 16.0.30611.23
MinimumVisualStudioVersion = 10.0.40219.1
Project("{FAE04EC0-301F-11D3-BF4B-00C04F79EFBC}") = "CL7-9-DashTool", "CL7-9-DashTool.csproj", "{A448A254-C1E6-4357-A81D-2080059A8F73}"
EndProject
Global
	GlobalSection(SolutionConfigurationPlatforms) = preSolution
		Debug|Any CPU = Debug|Any CPU
		Release|Any CPU = Release|Any CPU
	EndGlobalSection
	GlobalSection(ProjectConfigurationPlatforms) = postSolution
		{A448A254-C1E6-4357-A81D-2080059A8F73}.Debug|Any CPU.ActiveCfg = Debug|Any CPU
		{A448A254-C1E6-4357-A81D-2080059A8F73}.Debug|Any CPU.Build.0 = Debug|Any CPU
		{A448A254-C1E6-4357-A81D-2080059A8F73}.Release|Any CPU.ActiveCfg = Release|Any CPU
		{A448A254-C1E6-4357-A81D-2080059A8F73}.Release|Any CPU.Build.0 = Release|Any CPU
	EndGlobalSection
	GlobalSection(SolutionProperties) = preSolution
		HideSolutionNode = FALSE
	EndGlobalSection
	GlobalSection(ExtensibilityGlobals) = postSolution
		SolutionGuid = {943B4DB3-AD7F-4DCA-BF80-134867F46AEF}
	EndGlobalSection
EndGlobal
